
Microsoft Visual Studio Solution File, Format Version 12.00
# Visual Studio Version 17
VisualStudioVersion = 17.6.33815.320
MinimumVisualStudioVersion = 10.0.40219.1
Project("{9A19103F-16F7-4668-BE54-9A1E7A4F7556}") = "MatrimonialAI", "MatrimonialAI.csproj", "{EBBB2323-1D14-461F-B98E-7EB0CE6844FC}"
EndProject
Project("{9A19103F-16F7-4668-BE54-9A1E7A4F7556}") = "MatrimonialDataAccess_Layer", "..\MatrimonialDataAccess_Layer\MatrimonialDataAccess_Layer.csproj", "{980C05A9-42F1-4A1F-9AF5-CDC480DDA70D}"
EndProject
Project("{9A19103F-16F7-4668-BE54-9A1E7A4F7556}") = "MatrimonialBusinessAccess_Layer", "..\MatrimonialBusinessAccess_Layer\MatrimonialBusinessAccess_Layer.csproj", "{E1FB8FD4-EEDA-46CF-A314-139BC507EC04}"
EndProject
Project("{9A19103F-16F7-4668-BE54-9A1E7A4F7556}") = "MatrimonialModel_Layer", "..\MatrimonialModel_Layer\MatrimonialModel_Layer.csproj", "{C10D39D1-2F12-446D-9767-45452D2F8A05}"
EndProject
Project("{FAE04EC0-301F-11D3-BF4B-00C04F79EFBC}") = "Matrimonial.GlobleExceptionHandling", "..\Matrimonial.GlobleExceptionHandling\Matrimonial.GlobleExceptionHandling.csproj", "{D004215C-4DFE-4D0A-9620-FF4AD28F2D8E}"
EndProject
Global
	GlobalSection(SolutionConfigurationPlatforms) = preSolution
		Debug|Any CPU = Debug|Any CPU
		Release|Any CPU = Release|Any CPU
	EndGlobalSection
	GlobalSection(ProjectConfigurationPlatforms) = postSolution
		{EBBB2323-1D14-461F-B98E-7EB0CE6844FC}.Debug|Any CPU.ActiveCfg = Debug|Any CPU
		{EBBB2323-1D14-461F-B98E-7EB0CE6844FC}.Debug|Any CPU.Build.0 = Debug|Any CPU
		{EBBB2323-1D14-461F-B98E-7EB0CE6844FC}.Release|Any CPU.ActiveCfg = Release|Any CPU
		{EBBB2323-1D14-461F-B98E-7EB0CE6844FC}.Release|Any CPU.Build.0 = Release|Any CPU
		{980C05A9-42F1-4A1F-9AF5-CDC480DDA70D}.Debug|Any CPU.ActiveCfg = Debug|Any CPU
		{980C05A9-42F1-4A1F-9AF5-CDC480DDA70D}.Debug|Any CPU.Build.0 = Debug|Any CPU
		{980C05A9-42F1-4A1F-9AF5-CDC480DDA70D}.Release|Any CPU.ActiveCfg = Release|Any CPU
		{980C05A9-42F1-4A1F-9AF5-CDC480DDA70D}.Release|Any CPU.Build.0 = Release|Any CPU
		{E1FB8FD4-EEDA-46CF-A314-139BC507EC04}.Debug|Any CPU.ActiveCfg = Debug|Any CPU
		{E1FB8FD4-EEDA-46CF-A314-139BC507EC04}.Debug|Any CPU.Build.0 = Debug|Any CPU
		{E1FB8FD4-EEDA-46CF-A314-139BC507EC04}.Release|Any CPU.ActiveCfg = Release|Any CPU
		{E1FB8FD4-EEDA-46CF-A314-139BC507EC04}.Release|Any CPU.Build.0 = Release|Any CPU
		{C10D39D1-2F12-446D-9767-45452D2F8A05}.Debug|Any CPU.ActiveCfg = Debug|Any CPU
		{C10D39D1-2F12-446D-9767-45452D2F8A05}.Debug|Any CPU.Build.0 = Debug|Any CPU
		{C10D39D1-2F12-446D-9767-45452D2F8A05}.Release|Any CPU.ActiveCfg = Release|Any CPU
		{C10D39D1-2F12-446D-9767-45452D2F8A05}.Release|Any CPU.Build.0 = Release|Any CPU
		{D004215C-4DFE-4D0A-9620-FF4AD28F2D8E}.Debug|Any CPU.ActiveCfg = Debug|Any CPU
		{D004215C-4DFE-4D0A-9620-FF4AD28F2D8E}.Debug|Any CPU.Build.0 = Debug|Any CPU
		{D004215C-4DFE-4D0A-9620-FF4AD28F2D8E}.Release|Any CPU.ActiveCfg = Release|Any CPU
		{D004215C-4DFE-4D0A-9620-FF4AD28F2D8E}.Release|Any CPU.Build.0 = Release|Any CPU
	EndGlobalSection
	GlobalSection(SolutionProperties) = preSolution
		HideSolutionNode = FALSE
	EndGlobalSection
	GlobalSection(ExtensibilityGlobals) = postSolution
		SolutionGuid = {7C223DE1-4E37-4321-90DC-84DF2CEFFABE}
	EndGlobalSection
EndGlobal
